<Solution>
  <Folder Name="/Documentation/">
    <File Path="Documentation\ARCHITECTURE.md" />
    <File Path="Documentation\ARCHITECTURE_DECISIONS.md" />
    <File Path="Documentation\AUDITING.md" />
    <File Path="Documentation\CONFIGURATION.md" />
    <File Path="Documentation\COVERAGE.md" />
    <File Path="Documentation\DOMAIN_EVENTS.md" />
    <File Path="Documentation\IMMUTABILITY.md" />
    <File Path="Documentation\PERSISTENCE_PIPELINE.md" />
    <File Path="Documentation\README.md" />
    <File Path="Documentation\SOFT_DELETE.md" />
    <File Path="Documentation\TENANCY.md" />
    <File Path="Documentation\TESTING.md" />
    <File Path="Documentation\UNIT_OF_WORK.md" />
  </Folder>
  <!--
    KUKULCAN.SharedKernel.Database
    Database infrastructure library for Kukulcán Software Designer applications.

    Provee:
      - KukulcanDbContextBase		→ base for all module DbContexts
      - AddKukulcanDbContext<T>()	→ DI extension that logs DbContext + IUnitOfWork + SlowQueryInterceptor
      - UnitOfWork<TContext>		→ IUnitOfWork implementation
      - 5 interceptores EF Core		→ AuditSaveChanges, SoftDelete, DomainEventDispatch,
										ImmutableEntity, SlowQuery
      - ModelBuilderExtensions		→ ApplySoftDeleteFilter, ApplyTenantFilter
      - KukulcanDatabaseOptions		→ multi-vendor configuration
      - DatabaseProvider			→ enum: SqlServer, PostgreSql

    Format: .slnx (XML, .NET 9+ / Visual Studio 2022 17.12+)

    Solution dependency tree:
      KUKULCAN.Kernel.Abstractions
              ↑
      KUKULCAN.Kernel.Domain
              ↑
      KUKULCAN.Kernel.Database     ← main project of this solution
  -->
  <Folder Name="/Solution Items/">
    <File Path=".editorconfig" />
    <File Path=".gitignore" />
    <File Path="CHANGELOG.md" />
    <File Path="CODE_OF_CONDUCT.md" />
    <File Path="CONTRIBUTING.md" />
    <File Path="Directory.Build.props" />
    <File Path="global.json" />
    <File Path="GOVERNANCE.md" />
    <File Path="LICENSE" />
    <File Path="MIGRATION.SharedKernel.md" />
    <File Path="README.md" />
    <File Path="RELEASE_NOTES.md" />
    <File Path="ROADMAP.md" />
    <File Path="SECURITY.md" />
    <File Path="SUPPORT.md" />
  </Folder>

  <Folder Name="/Solution Items/.github/" />
  <Folder Name="/Solution Items/.github/workflows/">
    <File Path=".github/workflows/delete-merged-branches.yml" />
    <File Path=".github\workflows\ci.yml" />
    <File Path=".github\workflows\coverage.yml" />
    <File Path=".github\workflows\integration-tests.yml" />
    <File Path=".github\workflows\unit-tests.yml" />
  </Folder>

  <Folder Name="/Source/">
    <Project Path="Source/KUKULCAN.SharedKernel.Database/KUKULCAN.SharedKernel.Database.csproj" />
  </Folder>

  <Folder Name="/Source Client/">
    <Project Path="SourceClient/KUKULCAN.SharedKernel.Database.SourceClient/KUKULCAN.SharedKernel.Database.Client.csproj" />
  </Folder>

  <Folder Name="/Tests/">
    <Project Path="Tests/KUKULCAN.SharedKernel.Database.Integration/KUKULCAN.SharedKernel.Database.Integration.csproj" />
    <Project Path="Tests/KUKULCAN.SharedKernel.Database.Tests/KUKULCAN.SharedKernel.Database.Tests.csproj" />
  </Folder>

</Solution>
